
Microsoft Visual Studio Solution File, Format Version 12.00
# Visual Studio 2013
VisualStudioVersion = 12.0.21005.1
MinimumVisualStudioVersion = 10.0.40219.1
Project("{FAE04EC0-301F-11D3-BF4B-00C04F79EFBC}") = "HRMDAL", "HRMDAL\HRMDAL.csproj", "{8A2860B6-35E7-44D7-9F75-827B30A322B6}"
EndProject
Project("{FAE04EC0-301F-11D3-BF4B-00C04F79EFBC}") = "HRMBLL", "HRMBLL\HRMBLL.csproj", "{A35BB5BA-458B-4D68-84D5-9B87E5AFC86B}"
EndProject
Project("{FAE04EC0-301F-11D3-BF4B-00C04F79EFBC}") = "HRMWeb", "HRMWeb\HRMWeb.csproj", "{1841F6F2-7F57-484E-B1EF-5FF1EE28D2B7}"
EndProject
Project("{FAE04EC0-301F-11D3-BF4B-00C04F79EFBC}") = "HRMEntity", "HRMEntity\HRMEntity.csproj", "{6FC5B342-8BBC-43CC-9509-947BDF9AAD52}"
EndProject
Global
	GlobalSection(SolutionConfigurationPlatforms) = preSolution
		Debug|Any CPU = Debug|Any CPU
		Release|Any CPU = Release|Any CPU
	EndGlobalSection
	GlobalSection(ProjectConfigurationPlatforms) = postSolution
		{8A2860B6-35E7-44D7-9F75-827B30A322B6}.Debug|Any CPU.ActiveCfg = Debug|Any CPU
		{8A2860B6-35E7-44D7-9F75-827B30A322B6}.Debug|Any CPU.Build.0 = Debug|Any CPU
		{8A2860B6-35E7-44D7-9F75-827B30A322B6}.Release|Any CPU.ActiveCfg = Release|Any CPU
		{8A2860B6-35E7-44D7-9F75-827B30A322B6}.Release|Any CPU.Build.0 = Release|Any CPU
		{A35BB5BA-458B-4D68-84D5-9B87E5AFC86B}.Debug|Any CPU.ActiveCfg = Debug|Any CPU
		{A35BB5BA-458B-4D68-84D5-9B87E5AFC86B}.Debug|Any CPU.Build.0 = Debug|Any CPU
		{A35BB5BA-458B-4D68-84D5-9B87E5AFC86B}.Release|Any CPU.ActiveCfg = Release|Any CPU
		{A35BB5BA-458B-4D68-84D5-9B87E5AFC86B}.Release|Any CPU.Build.0 = Release|Any CPU
		{1841F6F2-7F57-484E-B1EF-5FF1EE28D2B7}.Debug|Any CPU.ActiveCfg = Debug|Any CPU
		{1841F6F2-7F57-484E-B1EF-5FF1EE28D2B7}.Debug|Any CPU.Build.0 = Debug|Any CPU
		{1841F6F2-7F57-484E-B1EF-5FF1EE28D2B7}.Release|Any CPU.ActiveCfg = Release|Any CPU
		{1841F6F2-7F57-484E-B1EF-5FF1EE28D2B7}.Release|Any CPU.Build.0 = Release|Any CPU
		{6FC5B342-8BBC-43CC-9509-947BDF9AAD52}.Debug|Any CPU.ActiveCfg = Debug|Any CPU
		{6FC5B342-8BBC-43CC-9509-947BDF9AAD52}.Debug|Any CPU.Build.0 = Debug|Any CPU
		{6FC5B342-8BBC-43CC-9509-947BDF9AAD52}.Release|Any CPU.ActiveCfg = Release|Any CPU
		{6FC5B342-8BBC-43CC-9509-947BDF9AAD52}.Release|Any CPU.Build.0 = Release|Any CPU
	EndGlobalSection
	GlobalSection(SolutionProperties) = preSolution
		HideSolutionNode = FALSE
	EndGlobalSection
EndGlobal
